// !$*UTF8*$!
{
	archiveVersion = 1;
	classes = {
	};
	objectVersion = 50;
	objects = {

/* Begin PBXBuildFile section */
		9BA8A3F9222677EF00A4F28D /* SwipingController.swift in Sources */ = {isa = PBXBuildFile; fileRef = 9BA8A3F8222677EF00A4F28D /* SwipingController.swift */; };
		9BA8A3FB222724CA00A4F28D /* PageCell.swift in Sources */ = {isa = PBXBuildFile; fileRef = 9BA8A3FA222724CA00A4F28D /* PageCell.swift */; };
		9BA8A3FD2227CA0D00A4F28D /* Page.swift in Sources */ = {isa = PBXBuildFile; fileRef = 9BA8A3FC2227CA0D00A4F28D /* Page.swift */; };
		9BB8CCE32228805500AF7F14 /* SwipingExtension.swift in Sources */ = {isa = PBXBuildFile; fileRef = 9BB8CCE22228805500AF7F14 /* SwipingExtension.swift */; };
		9BB8CCE7222886A100AF7F14 /* SwipinExtension+UICollectionView.swift in Sources */ = {isa = PBXBuildFile; fileRef = 9BB8CCE6222886A100AF7F14 /* SwipinExtension+UICollectionView.swift */; };
		9BEAA9D82225CD2D000BDB56 /* AppDelegate.swift in Sources */ = {isa = PBXBuildFile; fileRef = 9BEAA9D72225CD2D000BDB56 /* AppDelegate.swift */; };
		9BEAA9DA2225CD2D000BDB56 /* ViewController.swift in Sources */ = {isa = PBXBuildFile; fileRef = 9BEAA9D92225CD2D000BDB56 /* ViewController.swift */; };
		9BEAA9DD2225CD2D000BDB56 /* Main.storyboard in Resources */ = {isa = PBXBuildFile; fileRef = 9BEAA9DB2225CD2D000BDB56 /* Main.storyboard */; };
		9BEAA9DF2225CD2F000BDB56 /* Assets.xcassets in Resources */ = {isa = PBXBuildFile; fileRef = 9BEAA9DE2225CD2F000BDB56 /* Assets.xcassets */; };
		9BEAA9E22225CD2F000BDB56 /* LaunchScreen.storyboard in Resources */ = {isa = PBXBuildFile; fileRef = 9BEAA9E02225CD2F000BDB56 /* LaunchScreen.storyboard */; };
/* End PBXBuildFile section */

/* Begin PBXFileReference section */
		9BA8A3F8222677EF00A4F28D /* SwipingController.swift */ = {isa = PBXFileReference; lastKnownFileType = sourcecode.swift; path = SwipingController.swift; sourceTree = "<group>"; };
		9BA8A3FA222724CA00A4F28D /* PageCell.swift */ = {isa = PBXFileReference; lastKnownFileType = sourcecode.swift; path = PageCell.swift; sourceTree = "<group>"; };
		9BA8A3FC2227CA0D00A4F28D /* Page.swift */ = {isa = PBXFileReference; lastKnownFileType = sourcecode.swift; path = Page.swift; sourceTree = "<group>"; };
		9BB8CCE22228805500AF7F14 /* SwipingExtension.swift */ = {isa = PBXFileReference; lastKnownFileType = sourcecode.swift; path = SwipingExtension.swift; sourceTree = "<group>"; };
		9BB8CCE6222886A100AF7F14 /* SwipinExtension+UICollectionView.swift */ = {isa = PBXFileReference; lastKnownFileType = sourcecode.swift; path = "SwipinExtension+UICollectionView.swift"; sourceTree = "<group>"; };
		9BEAA9D42225CD2D000BDB56 /* ProgrammaticallyLayout.app */ = {isa = PBXFileReference; explicitFileType = wrapper.application; includeInIndex = 0; path = ProgrammaticallyLayout.app; sourceTree = BUILT_PRODUCTS_DIR; };
		9BEAA9D72225CD2D000BDB56 /* AppDelegate.swift */ = {isa = PBXFileReference; lastKnownFileType = sourcecode.swift; path = AppDelegate.swift; sourceTree = "<group>"; };
		9BEAA9D92225CD2D000BDB56 /* ViewController.swift */ = {isa = PBXFileReference; lastKnownFileType = sourcecode.swift; path = ViewController.swift; sourceTree = "<group>"; };
		9BEAA9DC2225CD2D000BDB56 /* Base */ = {isa = PBXFileReference; lastKnownFileType = file.storyboard; name = Base; path = Base.lproj/Main.storyboard; sourceTree = "<group>"; };
		9BEAA9DE2225CD2F000BDB56 /* Assets.xcassets */ = {isa = PBXFileReference; lastKnownFileType = folder.assetcatalog; path = Assets.xcassets; sourceTree = "<group>"; };
		9BEAA9E12225CD2F000BDB56 /* Base */ = {isa = PBXFileReference; lastKnownFileType = file.storyboard; name = Base; path = Base.lproj/LaunchScreen.storyboard; sourceTree = "<group>"; };
		9BEAA9E32225CD2F000BDB56 /* Info.plist */ = {isa = PBXFileReference; lastKnownFileType = text.plist.xml; path = Info.plist; sourceTree = "<group>"; };
/* End PBXFileReference section */

/* Begin PBXFrameworksBuildPhase section */
		9BEAA9D12225CD2D000BDB56 /* Frameworks */ = {
			isa = PBXFrameworksBuildPhase;
			buildActionMask = 2147483647;
			files = (
			);
			runOnlyForDeploymentPostprocessing = 0;
		};
/* End PBXFrameworksBuildPhase section */

/* Begin PBXGroup section */
		9BA6119A22291F6000A83EDA /* SwipingPages */ = {
			isa = PBXGroup;
			children = (
				9BB8CCE6222886A100AF7F14 /* SwipinExtension+UICollectionView.swift */,
				9BB8CCE22228805500AF7F14 /* SwipingExtension.swift */,
				9BA8A3F8222677EF00A4F28D /* SwipingController.swift */,
			);
			path = SwipingPages;
			sourceTree = "<group>";
		};
		9BA6119B22291F7A00A83EDA /* Pages */ = {
			isa = PBXGroup;
			children = (
				9BA8A3FC2227CA0D00A4F28D /* Page.swift */,
				9BA8A3FA222724CA00A4F28D /* PageCell.swift */,
			);
			path = Pages;
			sourceTree = "<group>";
		};
		9BEAA9CB2225CD2D000BDB56 = {
			isa = PBXGroup;
			children = (
				9BEAA9D72225CD2D000BDB56 /* AppDelegate.swift */,
				9BEAA9D92225CD2D000BDB56 /* ViewController.swift */,
				9BEAA9D62225CD2D000BDB56 /* ProgrammaticallyLayout */,
				9BEAA9D52225CD2D000BDB56 /* Products */,
			);
			sourceTree = "<group>";
		};
		9BEAA9D52225CD2D000BDB56 /* Products */ = {
			isa = PBXGroup;
			children = (
				9BEAA9D42225CD2D000BDB56 /* ProgrammaticallyLayout.app */,
			);
			name = Products;
			sourceTree = "<group>";
		};
		9BEAA9D62225CD2D000BDB56 /* ProgrammaticallyLayout */ = {
			isa = PBXGroup;
			children = (
				9BA6119B22291F7A00A83EDA /* Pages */,
				9BA6119A22291F6000A83EDA /* SwipingPages */,
				9BEAA9DB2225CD2D000BDB56 /* Main.storyboard */,
				9BEAA9DE2225CD2F000BDB56 /* Assets.xcassets */,
				9BEAA9E02225CD2F000BDB56 /* LaunchScreen.storyboard */,
				9BEAA9E32225CD2F000BDB56 /* Info.plist */,
			);
			path = ProgrammaticallyLayout;
			sourceTree = "<group>";
		};
/* End PBXGroup section */

/* Begin PBXNativeTarget section */
		9BEAA9D32225CD2D000BDB56 /* ProgrammaticallyLayout */ = {
			isa = PBXNativeTarget;
			buildConfigurationList = 9BEAA9E62225CD2F000BDB56 /* Build configuration list for PBXNativeTarget "ProgrammaticallyLayout" */;
			buildPhases = (
				9BEAA9D02225CD2D000BDB56 /* Sources */,
				9BEAA9D12225CD2D000BDB56 /* Frameworks */,
				9BEAA9D22225CD2D000BDB56 /* Resources */,
			);
			buildRules = (
			);
			dependencies = (
			);
			name = ProgrammaticallyLayout;
			productName = ProgrammaticallyLayout;
			productReference = 9BEAA9D42225CD2D000BDB56 /* ProgrammaticallyLayout.app */;
			productType = "com.apple.product-type.application";
		};
/* End PBXNativeTarget section */

/* Begin PBXProject section */
		9BEAA9CC2225CD2D000BDB56 /* Project object */ = {
			isa = PBXProject;
			attributes = {
				LastSwiftUpdateCheck = 1010;
				LastUpgradeCheck = 1010;
				ORGANIZATIONNAME = "Buse ERKUŞ";
				TargetAttributes = {
					9BEAA9D32225CD2D000BDB56 = {
						CreatedOnToolsVersion = 10.1;
					};
				};
			};
			buildConfigurationList = 9BEAA9CF2225CD2D000BDB56 /* Build configuration list for PBXProject "ProgrammaticallyLayout" */;
			compatibilityVersion = "Xcode 9.3";
			developmentRegion = en;
			hasScannedForEncodings = 0;
			knownRegions = (
				en,
				Base,
			);
			mainGroup = 9BEAA9CB2225CD2D000BDB56;
			productRefGroup = 9BEAA9D52225CD2D000BDB56 /* Products */;
			projectDirPath = "";
			projectRoot = "";
			targets = (
				9BEAA9D32225CD2D000BDB56 /* ProgrammaticallyLayout */,
			);
		};
/* End PBXProject section */

/* Begin PBXResourcesBuildPhase section */
		9BEAA9D22225CD2D000BDB56 /* Resources */ = {
			isa = PBXResourcesBuildPhase;
			buildActionMask = 2147483647;
			files = (
				9BEAA9E22225CD2F000BDB56 /* LaunchScreen.storyboard in Resources */,
				9BEAA9DF2225CD2F000BDB56 /* Assets.xcassets in Resources */,
				9BEAA9DD2225CD2D000BDB56 /* Main.storyboard in Resources */,
			);
			runOnlyForDeploymentPostprocessing = 0;
		};
/* End PBXResourcesBuildPhase section */

/* Begin PBXSourcesBuildPhase section */
		9BEAA9D02225CD2D000BDB56 /* Sources */ = {
			isa = PBXSourcesBuildPhase;
			buildActionMask = 2147483647;
			files = (
				9BEAA9DA2225CD2D000BDB56 /* ViewController.swift in Sources */,
				9BB8CCE32228805500AF7F14 /* SwipingExtension.swift in Sources */,
				9BEAA9D82225CD2D000BDB56 /* AppDelegate.swift in Sources */,
				9BA8A3FB222724CA00A4F28D /* PageCell.swift in Sources */,
				9BA8A3F9222677EF00A4F28D /* SwipingController.swift in Sources */,
				9BA8A3FD2227CA0D00A4F28D /* Page.swift in Sources */,
				9BB8CCE7222886A100AF7F14 /* SwipinExtension+UICollectionView.swift in Sources */,
			);
			runOnlyForDeploymentPostprocessing = 0;
		};
/* End PBXSourcesBuildPhase section */

/* Begin PBXVariantGroup section */
		9BEAA9DB2225CD2D000BDB56 /* Main.storyboard */ = {
			isa = PBXVariantGroup;
			children = (
				9BEAA9DC2225CD2D000BDB56 /* Base */,
			);
			name = Main.storyboard;
			sourceTree = "<group>";
		};
		9BEAA9E02225CD2F000BDB56 /* LaunchScreen.storyboard */ = {
			isa = PBXVariantGroup;
			children = (
				9BEAA9E12225CD2F000BDB56 /* Base */,
			);
			name = LaunchScreen.storyboard;
			sourceTree = "<group>";
		};
/* End PBXVariantGroup section */

/* Begin XCBuildConfiguration section */
		9BEAA9E42225CD2F000BDB56 /* Debug */ = {
			isa = XCBuildConfiguration;
			buildSettings = {
				ALWAYS_SEARCH_USER_PATHS = NO;
				CLANG_ANALYZER_NONNULL = YES;
				CLANG_ANALYZER_NUMBER_OBJECT_CONVERSION = YES_AGGRESSIVE;
				CLANG_CXX_LANGUAGE_STANDARD = "gnu++14";
				CLANG_CXX_LIBRARY = "libc++";
				CLANG_ENABLE_MODULES = YES;
				CLANG_ENABLE_OBJC_ARC = YES;
				CLANG_ENABLE_OBJC_WEAK = YES;
				CLANG_WARN_BLOCK_CAPTURE_AUTORELEASING = YES;
				CLANG_WARN_BOOL_CONVERSION = YES;
				CLANG_WARN_COMMA = YES;
				CLANG_WARN_CONSTANT_CONVERSION = YES;
				CLANG_WARN_DEPRECATED_OBJC_IMPLEMENTATIONS = YES;
				CLANG_WARN_DIRECT_OBJC_ISA_USAGE = YES_ERROR;
				CLANG_WARN_DOCUMENTATION_COMMENTS = YES;
				CLANG_WARN_EMPTY_BODY = YES;
				CLANG_WARN_ENUM_CONVERSION = YES;
				CLANG_WARN_INFINITE_RECURSION = YES;
				CLANG_WARN_INT_CONVERSION = YES;
				CLANG_WARN_NON_LITERAL_NULL_CONVERSION = YES;
				CLANG_WARN_OBJC_IMPLICIT_RETAIN_SELF = YES;
				CLANG_WARN_OBJC_LITERAL_CONVERSION = YES;
				CLANG_WARN_OBJC_ROOT_CLASS = YES_ERROR;
				CLANG_WARN_RANGE_LOOP_ANALYSIS = YES;
				CLANG_WARN_STRICT_PROTOTYPES = YES;
				CLANG_WARN_SUSPICIOUS_MOVE = YES;
				CLANG_WARN_UNGUARDED_AVAILABILITY = YES_AGGRESSIVE;
				CLANG_WARN_UNREACHABLE_CODE = YES;
				CLANG_WARN__DUPLICATE_METHOD_MATCH = YES;
				CODE_SIGN_IDENTITY = "iPhone Developer";
				COPY_PHASE_STRIP = NO;
				DEBUG_INFORMATION_FORMAT = dwarf;
				ENABLE_STRICT_OBJC_MSGSEND = YES;
				ENABLE_TESTABILITY = YES;
				GCC_C_LANGUAGE_STANDARD = gnu11;
				GCC_DYNAMIC_NO_PIC = NO;
				GCC_NO_COMMON_BLOCKS = YES;
				GCC_OPTIMIZATION_LEVEL = 0;
				GCC_PREPROCESSOR_DEFINITIONS = (
					"DEBUG=1",
					"$(inherited)",
				);
				GCC_WARN_64_TO_32_BIT_CONVERSION = YES;
				GCC_WARN_ABOUT_RETURN_TYPE = YES_ERROR;
				GCC_WARN_UNDECLARED_SELECTOR = YES;
				GCC_WARN_UNINITIALIZED_AUTOS = YES_AGGRESSIVE;
				GCC_WARN_UNUSED_FUNCTION = YES;
				GCC_WARN_UNUSED_VARIABLE = YES;
				IPHONEOS_DEPLOYMENT_TARGET = 12.1;
				MTL_ENABLE_DEBUG_INFO = INCLUDE_SOURCE;
				MTL_FAST_MATH = YES;
				ONLY_ACTIVE_ARCH = YES;
				SDKROOT = iphoneos;
				SWIFT_ACTIVE_COMPILATION_CONDITIONS = DEBUG;
				SWIFT_OPTIMIZATION_LEVEL = "-Onone";
			};
			name = Debug;
		};
		9BEAA9E52225CD2F000BDB56 /* Release */ = {
			isa = XCBuildConfiguration;
			buildSettings = {
				ALWAYS_SEARCH_USER_PATHS = NO;
				CLANG_ANALYZER_NONNULL = YES;
				CLANG_ANALYZER_NUMBER_OBJECT_CONVERSION = YES_AGGRESSIVE;
				CLANG_CXX_LANGUAGE_STANDARD = "gnu++14";
				CLANG_CXX_LIBRARY = "libc++";
				CLANG_ENABLE_MODULES = YES;
				CLANG_ENABLE_OBJC_ARC = YES;
				CLANG_ENABLE_OBJC_WEAK = YES;
				CLANG_WARN_BLOCK_CAPTURE_AUTORELEASING = YES;
				CLANG_WARN_BOOL_CONVERSION = YES;
				CLANG_WARN_COMMA = YES;
				CLANG_WARN_CONSTANT_CONVERSION = YES;
				CLANG_WARN_DEPRECATED_OBJC_IMPLEMENTATIONS = YES;
				CLANG_WARN_DIRECT_OBJC_ISA_USAGE = YES_ERROR;
				CLANG_WARN_DOCUMENTATION_COMMENTS = YES;
				CLANG_WARN_EMPTY_BODY = YES;
				CLANG_WARN_ENUM_CONVERSION = YES;
				CLANG_WARN_INFINITE_RECURSION = YES;
				CLANG_WARN_INT_CONVERSION = YES;
				CLANG_WARN_NON_LITERAL_NULL_CONVERSION = YES;
				CLANG_WARN_OBJC_IMPLICIT_RETAIN_SELF = YES;
				CLANG_WARN_OBJC_LITERAL_CONVERSION = YES;
				CLANG_WARN_OBJC_ROOT_CLASS = YES_ERROR;
				CLANG_WARN_RANGE_LOOP_ANALYSIS = YES;
				CLANG_WARN_STRICT_PROTOTYPES = YES;
				CLANG_WARN_SUSPICIOUS_MOVE = YES;
				CLANG_WARN_UNGUARDED_AVAILABILITY = YES_AGGRESSIVE;
				CLANG_WARN_UNREACHABLE_CODE = YES;
				CLANG_WARN__DUPLICATE_METHOD_MATCH = YES;
				CODE_SIGN_IDENTITY = "iPhone Developer";
				COPY_PHASE_STRIP = NO;
				DEBUG_INFORMATION_FORMAT = "dwarf-with-dsym";
				ENABLE_NS_ASSERTIONS = NO;
				ENABLE_STRICT_OBJC_MSGSEND = YES;
				GCC_C_LANGUAGE_STANDARD = gnu11;
				GCC_NO_COMMON_BLOCKS = YES;
				GCC_WARN_64_TO_32_BIT_CONVERSION = YES;
				GCC_WARN_ABOUT_RETURN_TYPE = YES_ERROR;
				GCC_WARN_UNDECLARED_SELECTOR = YES;
				GCC_WARN_UNINITIALIZED_AUTOS = YES_AGGRESSIVE;
				GCC_WARN_UNUSED_FUNCTION = YES;
				GCC_WARN_UNUSED_VARIABLE = YES;
				IPHONEOS_DEPLOYMENT_TARGET = 12.1;
				MTL_ENABLE_DEBUG_INFO = NO;
				MTL_FAST_MATH = YES;
				SDKROOT = iphoneos;
				SWIFT_COMPILATION_MODE = wholemodule;
				SWIFT_OPTIMIZATION_LEVEL = "-O";
				VALIDATE_PRODUCT = YES;
			};
			name = Release;
		};
		9BEAA9E72225CD2F000BDB56 /* Debug */ = {
			isa = XCBuildConfiguration;
			buildSettings = {
				ASSETCATALOG_COMPILER_APPICON_NAME = AppIcon;
				CODE_SIGN_STYLE = Automatic;
				DEVELOPMENT_TEAM = RPMTQUQ4JJ;
				INFOPLIST_FILE = ProgrammaticallyLayout/Info.plist;
				LD_RUNPATH_SEARCH_PATHS = (
					"$(inherited)",
					"@executable_path/Frameworks",
				);
				PRODUCT_BUNDLE_IDENTIFIER = com.buseerkus.ProgrammaticallyLayout;
				PRODUCT_NAME = "$(TARGET_NAME)";
				SWIFT_VERSION = 4.2;
				TARGETED_DEVICE_FAMILY = "1,2";
			};
			name = Debug;
		};
		9BEAA9E82225CD2F000BDB56 /* Release */ = {
			isa = XCBuildConfiguration;
			buildSettings = {
				ASSETCATALOG_COMPILER_APPICON_NAME = AppIcon;
				CODE_SIGN_STYLE = Automatic;
				DEVELOPMENT_TEAM = RPMTQUQ4JJ;
				INFOPLIST_FILE = ProgrammaticallyLayout/Info.plist;
				LD_RUNPATH_SEARCH_PATHS = (
					"$(inherited)",
					"@executable_path/Frameworks",
				);
				PRODUCT_BUNDLE_IDENTIFIER = com.buseerkus.ProgrammaticallyLayout;
				PRODUCT_NAME = "$(TARGET_NAME)";
				SWIFT_VERSION = 4.2;
				TARGETED_DEVICE_FAMILY = "1,2";
			};
			name = Release;
		};
/* End XCBuildConfiguration section */

/* Begin XCConfigurationList section */
		9BEAA9CF2225CD2D000BDB56 /* Build configuration list for PBXProject "ProgrammaticallyLayout" */ = {
			isa = XCConfigurationList;
			buildConfigurations = (
				9BEAA9E42225CD2F000BDB56 /* Debug */,
				9BEAA9E52225CD2F000BDB56 /* Release */,
			);
			defaultConfigurationIsVisible = 0;
			defaultConfigurationName = Release;
		};
		9BEAA9E62225CD2F000BDB56 /* Build configuration list for PBXNativeTarget "ProgrammaticallyLayout" */ = {
			isa = XCConfigurationList;
			buildConfigurations = (
				9BEAA9E72225CD2F000BDB56 /* Debug */,
				9BEAA9E82225CD2F000BDB56 /* Release */,
			);
			defaultConfigurationIsVisible = 0;
			defaultConfigurationName = Release;
		};
/* End XCConfigurationList section */
	};
	rootObject = 9BEAA9CC2225CD2D000BDB56 /* Project object */;
}
